// !$*UTF8*$!
{
	archiveVersion = 1;
	classes = {
	};
	objectVersion = 50;
	objects = {

/* Begin PBXBuildFile section */
		15454FEDB401E171EDB7694A /* Pods_20190418_MohammadAlsharif_NYCSchoolsUITests.framework in Frameworks */ = {isa = PBXBuildFile; fileRef = 34BE5D7225D0B752F53F12AA /* Pods_20190418_MohammadAlsharif_NYCSchoolsUITests.framework */; };
		461EE71E2268F8C300D39479 /* AppDelegate.swift in Sources */ = {isa = PBXBuildFile; fileRef = 461EE71D2268F8C300D39479 /* AppDelegate.swift */; };
		461EE7202268F8C300D39479 /* SchoolListViewController.swift in Sources */ = {isa = PBXBuildFile; fileRef = 461EE71F2268F8C300D39479 /* SchoolListViewController.swift */; };
		461EE7232268F8C300D39479 /* Main.storyboard in Resources */ = {isa = PBXBuildFile; fileRef = 461EE7212268F8C300D39479 /* Main.storyboard */; };
		461EE7252268F8C400D39479 /* Assets.xcassets in Resources */ = {isa = PBXBuildFile; fileRef = 461EE7242268F8C400D39479 /* Assets.xcassets */; };
		461EE7282268F8C400D39479 /* LaunchScreen.storyboard in Resources */ = {isa = PBXBuildFile; fileRef = 461EE7262268F8C400D39479 /* LaunchScreen.storyboard */; };
		461EE7332268F8C400D39479 /* _0190418_MohammadAlsharif_NYCSchoolsTests.swift in Sources */ = {isa = PBXBuildFile; fileRef = 461EE7322268F8C400D39479 /* _0190418_MohammadAlsharif_NYCSchoolsTests.swift */; };
		461EE73E2268F8C400D39479 /* _0190418_MohammadAlsharif_NYCSchoolsUITests.swift in Sources */ = {isa = PBXBuildFile; fileRef = 461EE73D2268F8C400D39479 /* _0190418_MohammadAlsharif_NYCSchoolsUITests.swift */; };
		461EE74D2269040A00D39479 /* ActivityManager.swift in Sources */ = {isa = PBXBuildFile; fileRef = 461EE74C2269040A00D39479 /* ActivityManager.swift */; };
		461EE7502269044D00D39479 /* BaseViewController.swift in Sources */ = {isa = PBXBuildFile; fileRef = 461EE74F2269044D00D39479 /* BaseViewController.swift */; };
		461EE754226906D700D39479 /* SchoolListService.swift in Sources */ = {isa = PBXBuildFile; fileRef = 461EE753226906D700D39479 /* SchoolListService.swift */; };
		461EE7562269071100D39479 /* ServiceBase.swift in Sources */ = {isa = PBXBuildFile; fileRef = 461EE7552269071000D39479 /* ServiceBase.swift */; };
		461EE7582269073100D39479 /* NetworkManager.swift in Sources */ = {isa = PBXBuildFile; fileRef = 461EE7572269073100D39479 /* NetworkManager.swift */; };
		461EE75B2269082B00D39479 /* RequestBase.swift in Sources */ = {isa = PBXBuildFile; fileRef = 461EE75A2269082B00D39479 /* RequestBase.swift */; };
		461EE75D2269085800D39479 /* SchoolListRequest.swift in Sources */ = {isa = PBXBuildFile; fileRef = 461EE75C2269085800D39479 /* SchoolListRequest.swift */; };
		461EE760226908D200D39479 /* ParserBase.swift in Sources */ = {isa = PBXBuildFile; fileRef = 461EE75F226908D200D39479 /* ParserBase.swift */; };
		461EE762226908D900D39479 /* SchoolListParser.swift in Sources */ = {isa = PBXBuildFile; fileRef = 461EE761226908D900D39479 /* SchoolListParser.swift */; };
		461EE76422690B3600D39479 /* Response.swift in Sources */ = {isa = PBXBuildFile; fileRef = 461EE76322690B3600D39479 /* Response.swift */; };
		461EE767226922F100D39479 /* SATScoresViewController.swift in Sources */ = {isa = PBXBuildFile; fileRef = 461EE766226922F100D39479 /* SATScoresViewController.swift */; };
		461EE769226923DB00D39479 /* SATScoreService.swift in Sources */ = {isa = PBXBuildFile; fileRef = 461EE768226923DB00D39479 /* SATScoreService.swift */; };
		461EE76B2269247400D39479 /* SATScoreRequest.swift in Sources */ = {isa = PBXBuildFile; fileRef = 461EE76A2269247400D39479 /* SATScoreRequest.swift */; };
		461EE76D226925F900D39479 /* SATScoreParser.swift in Sources */ = {isa = PBXBuildFile; fileRef = 461EE76C226925F900D39479 /* SATScoreParser.swift */; };
		8284FCEA0AC17A4D8F578D94 /* Pods_20190418_MohammadAlsharif_NYCSchools.framework in Frameworks */ = {isa = PBXBuildFile; fileRef = 700C152677416F1750EA216D /* Pods_20190418_MohammadAlsharif_NYCSchools.framework */; };
		8AAC4DA6761BA99961802FC9 /* Pods_20190418_MohammadAlsharif_NYCSchoolsTests.framework in Frameworks */ = {isa = PBXBuildFile; fileRef = 0C68A83B69D76C06631AE8EC /* Pods_20190418_MohammadAlsharif_NYCSchoolsTests.framework */; };
/* End PBXBuildFile section */

/* Begin PBXContainerItemProxy section */
		461EE72F2268F8C400D39479 /* PBXContainerItemProxy */ = {
			isa = PBXContainerItemProxy;
			containerPortal = 461EE7122268F8C300D39479 /* Project object */;
			proxyType = 1;
			remoteGlobalIDString = 461EE7192268F8C300D39479;
			remoteInfo = "20190418-MohammadAlsharif-NYCSchools";
		};
		461EE73A2268F8C400D39479 /* PBXContainerItemProxy */ = {
			isa = PBXContainerItemProxy;
			containerPortal = 461EE7122268F8C300D39479 /* Project object */;
			proxyType = 1;
			remoteGlobalIDString = 461EE7192268F8C300D39479;
			remoteInfo = "20190418-MohammadAlsharif-NYCSchools";
		};
/* End PBXContainerItemProxy section */

/* Begin PBXFileReference section */
		06B3A7230ED5D1F81A6C2443 /* Pods-20190418-MohammadAlsharif-NYCSchoolsTests.release.xcconfig */ = {isa = PBXFileReference; includeInIndex = 1; lastKnownFileType = text.xcconfig; name = "Pods-20190418-MohammadAlsharif-NYCSchoolsTests.release.xcconfig"; path = "Pods/Target Support Files/Pods-20190418-MohammadAlsharif-NYCSchoolsTests/Pods-20190418-MohammadAlsharif-NYCSchoolsTests.release.xcconfig"; sourceTree = "<group>"; };
		0C68A83B69D76C06631AE8EC /* Pods_20190418_MohammadAlsharif_NYCSchoolsTests.framework */ = {isa = PBXFileReference; explicitFileType = wrapper.framework; includeInIndex = 0; path = Pods_20190418_MohammadAlsharif_NYCSchoolsTests.framework; sourceTree = BUILT_PRODUCTS_DIR; };
		34BE5D7225D0B752F53F12AA /* Pods_20190418_MohammadAlsharif_NYCSchoolsUITests.framework */ = {isa = PBXFileReference; explicitFileType = wrapper.framework; includeInIndex = 0; path = Pods_20190418_MohammadAlsharif_NYCSchoolsUITests.framework; sourceTree = BUILT_PRODUCTS_DIR; };
		461EE71A2268F8C300D39479 /* 20190418-MohammadAlsharif-NYCSchools.app */ = {isa = PBXFileReference; explicitFileType = wrapper.application; includeInIndex = 0; path = "20190418-MohammadAlsharif-NYCSchools.app"; sourceTree = BUILT_PRODUCTS_DIR; };
		461EE71D2268F8C300D39479 /* AppDelegate.swift */ = {isa = PBXFileReference; lastKnownFileType = sourcecode.swift; path = AppDelegate.swift; sourceTree = "<group>"; };
		461EE71F2268F8C300D39479 /* SchoolListViewController.swift */ = {isa = PBXFileReference; lastKnownFileType = sourcecode.swift; path = SchoolListViewController.swift; sourceTree = "<group>"; };
		461EE7222268F8C300D39479 /* Base */ = {isa = PBXFileReference; lastKnownFileType = file.storyboard; name = Base; path = Base.lproj/Main.storyboard; sourceTree = "<group>"; };
		461EE7242268F8C400D39479 /* Assets.xcassets */ = {isa = PBXFileReference; lastKnownFileType = folder.assetcatalog; path = Assets.xcassets; sourceTree = "<group>"; };
		461EE7272268F8C400D39479 /* Base */ = {isa = PBXFileReference; lastKnownFileType = file.storyboard; name = Base; path = Base.lproj/LaunchScreen.storyboard; sourceTree = "<group>"; };
		461EE7292268F8C400D39479 /* Info.plist */ = {isa = PBXFileReference; lastKnownFileType = text.plist.xml; path = Info.plist; sourceTree = "<group>"; };
		461EE72E2268F8C400D39479 /* 20190418-MohammadAlsharif-NYCSchoolsTests.xctest */ = {isa = PBXFileReference; explicitFileType = wrapper.cfbundle; includeInIndex = 0; path = "20190418-MohammadAlsharif-NYCSchoolsTests.xctest"; sourceTree = BUILT_PRODUCTS_DIR; };
		461EE7322268F8C400D39479 /* _0190418_MohammadAlsharif_NYCSchoolsTests.swift */ = {isa = PBXFileReference; lastKnownFileType = sourcecode.swift; path = _0190418_MohammadAlsharif_NYCSchoolsTests.swift; sourceTree = "<group>"; };
		461EE7342268F8C400D39479 /* Info.plist */ = {isa = PBXFileReference; lastKnownFileType = text.plist.xml; path = Info.plist; sourceTree = "<group>"; };
		461EE7392268F8C400D39479 /* 20190418-MohammadAlsharif-NYCSchoolsUITests.xctest */ = {isa = PBXFileReference; explicitFileType = wrapper.cfbundle; includeInIndex = 0; path = "20190418-MohammadAlsharif-NYCSchoolsUITests.xctest"; sourceTree = BUILT_PRODUCTS_DIR; };
		461EE73D2268F8C400D39479 /* _0190418_MohammadAlsharif_NYCSchoolsUITests.swift */ = {isa = PBXFileReference; lastKnownFileType = sourcecode.swift; path = _0190418_MohammadAlsharif_NYCSchoolsUITests.swift; sourceTree = "<group>"; };
		461EE73F2268F8C400D39479 /* Info.plist */ = {isa = PBXFileReference; lastKnownFileType = text.plist.xml; path = Info.plist; sourceTree = "<group>"; };
		461EE74C2269040A00D39479 /* ActivityManager.swift */ = {isa = PBXFileReference; fileEncoding = 4; lastKnownFileType = sourcecode.swift; path = ActivityManager.swift; sourceTree = "<group>"; };
		461EE74F2269044D00D39479 /* BaseViewController.swift */ = {isa = PBXFileReference; fileEncoding = 4; lastKnownFileType = sourcecode.swift; path = BaseViewController.swift; sourceTree = "<group>"; };
		461EE753226906D700D39479 /* SchoolListService.swift */ = {isa = PBXFileReference; lastKnownFileType = sourcecode.swift; path = SchoolListService.swift; sourceTree = "<group>"; };
		461EE7552269071000D39479 /* ServiceBase.swift */ = {isa = PBXFileReference; fileEncoding = 4; lastKnownFileType = sourcecode.swift; path = ServiceBase.swift; sourceTree = "<group>"; };
		461EE7572269073100D39479 /* NetworkManager.swift */ = {isa = PBXFileReference; fileEncoding = 4; lastKnownFileType = sourcecode.swift; path = NetworkManager.swift; sourceTree = "<group>"; };
		461EE75A2269082B00D39479 /* RequestBase.swift */ = {isa = PBXFileReference; fileEncoding = 4; lastKnownFileType = sourcecode.swift; path = RequestBase.swift; sourceTree = "<group>"; };
		461EE75C2269085800D39479 /* SchoolListRequest.swift */ = {isa = PBXFileReference; fileEncoding = 4; lastKnownFileType = sourcecode.swift; path = SchoolListRequest.swift; sourceTree = "<group>"; };
		461EE75F226908D200D39479 /* ParserBase.swift */ = {isa = PBXFileReference; fileEncoding = 4; lastKnownFileType = sourcecode.swift; path = ParserBase.swift; sourceTree = "<group>"; };
		461EE761226908D900D39479 /* SchoolListParser.swift */ = {isa = PBXFileReference; fileEncoding = 4; lastKnownFileType = sourcecode.swift; path = SchoolListParser.swift; sourceTree = "<group>"; };
		461EE76322690B3600D39479 /* Response.swift */ = {isa = PBXFileReference; fileEncoding = 4; lastKnownFileType = sourcecode.swift; path = Response.swift; sourceTree = "<group>"; };
		461EE766226922F100D39479 /* SATScoresViewController.swift */ = {isa = PBXFileReference; lastKnownFileType = sourcecode.swift; path = SATScoresViewController.swift; sourceTree = "<group>"; };
		461EE768226923DB00D39479 /* SATScoreService.swift */ = {isa = PBXFileReference; lastKnownFileType = sourcecode.swift; path = SATScoreService.swift; sourceTree = "<group>"; };
		461EE76A2269247400D39479 /* SATScoreRequest.swift */ = {isa = PBXFileReference; lastKnownFileType = sourcecode.swift; path = SATScoreRequest.swift; sourceTree = "<group>"; };
		461EE76C226925F900D39479 /* SATScoreParser.swift */ = {isa = PBXFileReference; lastKnownFileType = sourcecode.swift; path = SATScoreParser.swift; sourceTree = "<group>"; };
		4EBA0836976DAFD370A4CB68 /* Pods-20190418-MohammadAlsharif-NYCSchools.debug.xcconfig */ = {isa = PBXFileReference; includeInIndex = 1; lastKnownFileType = text.xcconfig; name = "Pods-20190418-MohammadAlsharif-NYCSchools.debug.xcconfig"; path = "Pods/Target Support Files/Pods-20190418-MohammadAlsharif-NYCSchools/Pods-20190418-MohammadAlsharif-NYCSchools.debug.xcconfig"; sourceTree = "<group>"; };
		700C152677416F1750EA216D /* Pods_20190418_MohammadAlsharif_NYCSchools.framework */ = {isa = PBXFileReference; explicitFileType = wrapper.framework; includeInIndex = 0; path = Pods_20190418_MohammadAlsharif_NYCSchools.framework; sourceTree = BUILT_PRODUCTS_DIR; };
		A1E4A06456C84677C3A54054 /* Pods-20190418-MohammadAlsharif-NYCSchools.release.xcconfig */ = {isa = PBXFileReference; includeInIndex = 1; lastKnownFileType = text.xcconfig; name = "Pods-20190418-MohammadAlsharif-NYCSchools.release.xcconfig"; path = "Pods/Target Support Files/Pods-20190418-MohammadAlsharif-NYCSchools/Pods-20190418-MohammadAlsharif-NYCSchools.release.xcconfig"; sourceTree = "<group>"; };
		B09260E40BFB06A69C09198A /* Pods-20190418-MohammadAlsharif-NYCSchoolsTests.debug.xcconfig */ = {isa = PBXFileReference; includeInIndex = 1; lastKnownFileType = text.xcconfig; name = "Pods-20190418-MohammadAlsharif-NYCSchoolsTests.debug.xcconfig"; path = "Pods/Target Support Files/Pods-20190418-MohammadAlsharif-NYCSchoolsTests/Pods-20190418-MohammadAlsharif-NYCSchoolsTests.debug.xcconfig"; sourceTree = "<group>"; };
		C3569AC767BA4DA7293B40B2 /* Pods-20190418-MohammadAlsharif-NYCSchoolsUITests.debug.xcconfig */ = {isa = PBXFileReference; includeInIndex = 1; lastKnownFileType = text.xcconfig; name = "Pods-20190418-MohammadAlsharif-NYCSchoolsUITests.debug.xcconfig"; path = "Pods/Target Support Files/Pods-20190418-MohammadAlsharif-NYCSchoolsUITests/Pods-20190418-MohammadAlsharif-NYCSchoolsUITests.debug.xcconfig"; sourceTree = "<group>"; };
		D13C9A5AB87E335C2B506763 /* Pods-20190418-MohammadAlsharif-NYCSchoolsUITests.release.xcconfig */ = {isa = PBXFileReference; includeInIndex = 1; lastKnownFileType = text.xcconfig; name = "Pods-20190418-MohammadAlsharif-NYCSchoolsUITests.release.xcconfig"; path = "Pods/Target Support Files/Pods-20190418-MohammadAlsharif-NYCSchoolsUITests/Pods-20190418-MohammadAlsharif-NYCSchoolsUITests.release.xcconfig"; sourceTree = "<group>"; };
/* End PBXFileReference section */

/* Begin PBXFrameworksBuildPhase section */
		461EE7172268F8C300D39479 /* Frameworks */ = {
			isa = PBXFrameworksBuildPhase;
			buildActionMask = 2147483647;
			files = (
				8284FCEA0AC17A4D8F578D94 /* Pods_20190418_MohammadAlsharif_NYCSchools.framework in Frameworks */,
			);
			runOnlyForDeploymentPostprocessing = 0;
		};
		461EE72B2268F8C400D39479 /* Frameworks */ = {
			isa = PBXFrameworksBuildPhase;
			buildActionMask = 2147483647;
			files = (
				8AAC4DA6761BA99961802FC9 /* Pods_20190418_MohammadAlsharif_NYCSchoolsTests.framework in Frameworks */,
			);
			runOnlyForDeploymentPostprocessing = 0;
		};
		461EE7362268F8C400D39479 /* Frameworks */ = {
			isa = PBXFrameworksBuildPhase;
			buildActionMask = 2147483647;
			files = (
				15454FEDB401E171EDB7694A /* Pods_20190418_MohammadAlsharif_NYCSchoolsUITests.framework in Frameworks */,
			);
			runOnlyForDeploymentPostprocessing = 0;
		};
/* End PBXFrameworksBuildPhase section */

/* Begin PBXGroup section */
		461EE7112268F8C300D39479 = {
			isa = PBXGroup;
			children = (
				461EE71C2268F8C300D39479 /* 20190418-MohammadAlsharif-NYCSchools */,
				461EE7312268F8C400D39479 /* 20190418-MohammadAlsharif-NYCSchoolsTests */,
				461EE73C2268F8C400D39479 /* 20190418-MohammadAlsharif-NYCSchoolsUITests */,
				461EE71B2268F8C300D39479 /* Products */,
				DCFBFA9A54AE8AD2F8025425 /* Pods */,
				6CD62E354C49EBEBCB5CAB4B /* Frameworks */,
			);
			sourceTree = "<group>";
		};
		461EE71B2268F8C300D39479 /* Products */ = {
			isa = PBXGroup;
			children = (
				461EE71A2268F8C300D39479 /* 20190418-MohammadAlsharif-NYCSchools.app */,
				461EE72E2268F8C400D39479 /* 20190418-MohammadAlsharif-NYCSchoolsTests.xctest */,
				461EE7392268F8C400D39479 /* 20190418-MohammadAlsharif-NYCSchoolsUITests.xctest */,
			);
			name = Products;
			sourceTree = "<group>";
		};
		461EE71C2268F8C300D39479 /* 20190418-MohammadAlsharif-NYCSchools */ = {
			isa = PBXGroup;
			children = (
				461EE7652269211100D39479 /* ViewControllers */,
				461EE74E2269043D00D39479 /* Base */,
				461EE74B226903F100D39479 /* Managers */,
				461EE7512269059700D39479 /* Network */,
				461EE71D2268F8C300D39479 /* AppDelegate.swift */,
				461EE7212268F8C300D39479 /* Main.storyboard */,
				461EE7242268F8C400D39479 /* Assets.xcassets */,
				461EE7262268F8C400D39479 /* LaunchScreen.storyboard */,
				461EE7292268F8C400D39479 /* Info.plist */,
			);
			path = "20190418-MohammadAlsharif-NYCSchools";
			sourceTree = "<group>";
		};
		461EE7312268F8C400D39479 /* 20190418-MohammadAlsharif-NYCSchoolsTests */ = {
			isa = PBXGroup;
			children = (
				461EE7322268F8C400D39479 /* _0190418_MohammadAlsharif_NYCSchoolsTests.swift */,
				461EE7342268F8C400D39479 /* Info.plist */,
			);
			path = "20190418-MohammadAlsharif-NYCSchoolsTests";
			sourceTree = "<group>";
		};
		461EE73C2268F8C400D39479 /* 20190418-MohammadAlsharif-NYCSchoolsUITests */ = {
			isa = PBXGroup;
			children = (
				461EE73D2268F8C400D39479 /* _0190418_MohammadAlsharif_NYCSchoolsUITests.swift */,
				461EE73F2268F8C400D39479 /* Info.plist */,
			);
			path = "20190418-MohammadAlsharif-NYCSchoolsUITests";
			sourceTree = "<group>";
		};
		461EE74B226903F100D39479 /* Managers */ = {
			isa = PBXGroup;
			children = (
				461EE74C2269040A00D39479 /* ActivityManager.swift */,
			);
			path = Managers;
			sourceTree = "<group>";
		};
		461EE74E2269043D00D39479 /* Base */ = {
			isa = PBXGroup;
			children = (
				461EE74F2269044D00D39479 /* BaseViewController.swift */,
			);
			path = Base;
			sourceTree = "<group>";
		};
		461EE7512269059700D39479 /* Network */ = {
			isa = PBXGroup;
			children = (
				461EE7572269073100D39479 /* NetworkManager.swift */,
				461EE76322690B3600D39479 /* Response.swift */,
				461EE75E226908C100D39479 /* Parsers */,
				461EE7592269081700D39479 /* Requests */,
				461EE752226906A400D39479 /* Services */,
			);
			path = Network;
			sourceTree = "<group>";
		};
		461EE752226906A400D39479 /* Services */ = {
			isa = PBXGroup;
			children = (
				461EE7552269071000D39479 /* ServiceBase.swift */,
				461EE753226906D700D39479 /* SchoolListService.swift */,
				461EE768226923DB00D39479 /* SATScoreService.swift */,
			);
			path = Services;
			sourceTree = "<group>";
		};
		461EE7592269081700D39479 /* Requests */ = {
			isa = PBXGroup;
			children = (
				461EE75A2269082B00D39479 /* RequestBase.swift */,
				461EE75C2269085800D39479 /* SchoolListRequest.swift */,
				461EE76A2269247400D39479 /* SATScoreRequest.swift */,
			);
			path = Requests;
			sourceTree = "<group>";
		};
		461EE75E226908C100D39479 /* Parsers */ = {
			isa = PBXGroup;
			children = (
				461EE75F226908D200D39479 /* ParserBase.swift */,
				461EE761226908D900D39479 /* SchoolListParser.swift */,
				461EE76C226925F900D39479 /* SATScoreParser.swift */,
			);
			path = Parsers;
			sourceTree = "<group>";
		};
		461EE7652269211100D39479 /* ViewControllers */ = {
			isa = PBXGroup;
			children = (
				461EE71F2268F8C300D39479 /* SchoolListViewController.swift */,
				461EE766226922F100D39479 /* SATScoresViewController.swift */,
			);
			path = ViewControllers;
			sourceTree = "<group>";
		};
		6CD62E354C49EBEBCB5CAB4B /* Frameworks */ = {
			isa = PBXGroup;
			children = (
				700C152677416F1750EA216D /* Pods_20190418_MohammadAlsharif_NYCSchools.framework */,
				0C68A83B69D76C06631AE8EC /* Pods_20190418_MohammadAlsharif_NYCSchoolsTests.framework */,
				34BE5D7225D0B752F53F12AA /* Pods_20190418_MohammadAlsharif_NYCSchoolsUITests.framework */,
			);
			name = Frameworks;
			sourceTree = "<group>";
		};
		DCFBFA9A54AE8AD2F8025425 /* Pods */ = {
			isa = PBXGroup;
			children = (
				4EBA0836976DAFD370A4CB68 /* Pods-20190418-MohammadAlsharif-NYCSchools.debug.xcconfig */,
				A1E4A06456C84677C3A54054 /* Pods-20190418-MohammadAlsharif-NYCSchools.release.xcconfig */,
				B09260E40BFB06A69C09198A /* Pods-20190418-MohammadAlsharif-NYCSchoolsTests.debug.xcconfig */,
				06B3A7230ED5D1F81A6C2443 /* Pods-20190418-MohammadAlsharif-NYCSchoolsTests.release.xcconfig */,
				C3569AC767BA4DA7293B40B2 /* Pods-20190418-MohammadAlsharif-NYCSchoolsUITests.debug.xcconfig */,
				D13C9A5AB87E335C2B506763 /* Pods-20190418-MohammadAlsharif-NYCSchoolsUITests.release.xcconfig */,
			);
			name = Pods;
			sourceTree = "<group>";
		};
/* End PBXGroup section */

/* Begin PBXNativeTarget section */
		461EE7192268F8C300D39479 /* 20190418-MohammadAlsharif-NYCSchools */ = {
			isa = PBXNativeTarget;
			buildConfigurationList = 461EE7422268F8C400D39479 /* Build configuration list for PBXNativeTarget "20190418-MohammadAlsharif-NYCSchools" */;
			buildPhases = (
				C5A5C22812FAE0C430F9A68D /* [CP] Check Pods Manifest.lock */,
				461EE7162268F8C300D39479 /* Sources */,
				461EE7172268F8C300D39479 /* Frameworks */,
				461EE7182268F8C300D39479 /* Resources */,
				C70C6E3C42CC0E6F170918AC /* [CP] Embed Pods Frameworks */,
			);
			buildRules = (
			);
			dependencies = (
			);
			name = "20190418-MohammadAlsharif-NYCSchools";
			productName = "20190418-MohammadAlsharif-NYCSchools";
			productReference = 461EE71A2268F8C300D39479 /* 20190418-MohammadAlsharif-NYCSchools.app */;
			productType = "com.apple.product-type.application";
		};
		461EE72D2268F8C400D39479 /* 20190418-MohammadAlsharif-NYCSchoolsTests */ = {
			isa = PBXNativeTarget;
			buildConfigurationList = 461EE7452268F8C400D39479 /* Build configuration list for PBXNativeTarget "20190418-MohammadAlsharif-NYCSchoolsTests" */;
			buildPhases = (
				BA415A61DA39302C1291831E /* [CP] Check Pods Manifest.lock */,
				461EE72A2268F8C400D39479 /* Sources */,
				461EE72B2268F8C400D39479 /* Frameworks */,
				461EE72C2268F8C400D39479 /* Resources */,
			);
			buildRules = (
			);
			dependencies = (
				461EE7302268F8C400D39479 /* PBXTargetDependency */,
			);
			name = "20190418-MohammadAlsharif-NYCSchoolsTests";
			productName = "20190418-MohammadAlsharif-NYCSchoolsTests";
			productReference = 461EE72E2268F8C400D39479 /* 20190418-MohammadAlsharif-NYCSchoolsTests.xctest */;
			productType = "com.apple.product-type.bundle.unit-test";
		};
		461EE7382268F8C400D39479 /* 20190418-MohammadAlsharif-NYCSchoolsUITests */ = {
			isa = PBXNativeTarget;
			buildConfigurationList = 461EE7482268F8C400D39479 /* Build configuration list for PBXNativeTarget "20190418-MohammadAlsharif-NYCSchoolsUITests" */;
			buildPhases = (
				BF61C644F45A48C72F826395 /* [CP] Check Pods Manifest.lock */,
				461EE7352268F8C400D39479 /* Sources */,
				461EE7362268F8C400D39479 /* Frameworks */,
				461EE7372268F8C400D39479 /* Resources */,
			);
			buildRules = (
			);
			dependencies = (
				461EE73B2268F8C400D39479 /* PBXTargetDependency */,
			);
			name = "20190418-MohammadAlsharif-NYCSchoolsUITests";
			productName = "20190418-MohammadAlsharif-NYCSchoolsUITests";
			productReference = 461EE7392268F8C400D39479 /* 20190418-MohammadAlsharif-NYCSchoolsUITests.xctest */;
			productType = "com.apple.product-type.bundle.ui-testing";
		};
/* End PBXNativeTarget section */

/* Begin PBXProject section */
		461EE7122268F8C300D39479 /* Project object */ = {
			isa = PBXProject;
			attributes = {
				LastSwiftUpdateCheck = 1010;
				LastUpgradeCheck = 1010;
				ORGANIZATIONNAME = MohammadAlsharif;
				TargetAttributes = {
					461EE7192268F8C300D39479 = {
						CreatedOnToolsVersion = 10.1;
					};
					461EE72D2268F8C400D39479 = {
						CreatedOnToolsVersion = 10.1;
						TestTargetID = 461EE7192268F8C300D39479;
					};
					461EE7382268F8C400D39479 = {
						CreatedOnToolsVersion = 10.1;
						TestTargetID = 461EE7192268F8C300D39479;
					};
				};
			};
			buildConfigurationList = 461EE7152268F8C300D39479 /* Build configuration list for PBXProject "20190418-MohammadAlsharif-NYCSchools" */;
			compatibilityVersion = "Xcode 9.3";
			developmentRegion = en;
			hasScannedForEncodings = 0;
			knownRegions = (
				en,
				Base,
			);
			mainGroup = 461EE7112268F8C300D39479;
			productRefGroup = 461EE71B2268F8C300D39479 /* Products */;
			projectDirPath = "";
			projectRoot = "";
			targets = (
				461EE7192268F8C300D39479 /* 20190418-MohammadAlsharif-NYCSchools */,
				461EE72D2268F8C400D39479 /* 20190418-MohammadAlsharif-NYCSchoolsTests */,
				461EE7382268F8C400D39479 /* 20190418-MohammadAlsharif-NYCSchoolsUITests */,
			);
		};
/* End PBXProject section */

/* Begin PBXResourcesBuildPhase section */
		461EE7182268F8C300D39479 /* Resources */ = {
			isa = PBXResourcesBuildPhase;
			buildActionMask = 2147483647;
			files = (
				461EE7282268F8C400D39479 /* LaunchScreen.storyboard in Resources */,
				461EE7252268F8C400D39479 /* Assets.xcassets in Resources */,
				461EE7232268F8C300D39479 /* Main.storyboard in Resources */,
			);
			runOnlyForDeploymentPostprocessing = 0;
		};
		461EE72C2268F8C400D39479 /* Resources */ = {
			isa = PBXResourcesBuildPhase;
			buildActionMask = 2147483647;
			files = (
			);
			runOnlyForDeploymentPostprocessing = 0;
		};
		461EE7372268F8C400D39479 /* Resources */ = {
			isa = PBXResourcesBuildPhase;
			buildActionMask = 2147483647;
			files = (
			);
			runOnlyForDeploymentPostprocessing = 0;
		};
/* End PBXResourcesBuildPhase section */

/* Begin PBXShellScriptBuildPhase section */
		BA415A61DA39302C1291831E /* [CP] Check Pods Manifest.lock */ = {
			isa = PBXShellScriptBuildPhase;
			buildActionMask = 2147483647;
			files = (
			);
			inputPaths = (
				"${PODS_PODFILE_DIR_PATH}/Podfile.lock",
				"${PODS_ROOT}/Manifest.lock",
			);
			name = "[CP] Check Pods Manifest.lock";
			outputPaths = (
				"$(DERIVED_FILE_DIR)/Pods-20190418-MohammadAlsharif-NYCSchoolsTests-checkManifestLockResult.txt",
			);
			runOnlyForDeploymentPostprocessing = 0;
			shellPath = /bin/sh;
			shellScript = "diff \"${PODS_PODFILE_DIR_PATH}/Podfile.lock\" \"${PODS_ROOT}/Manifest.lock\" > /dev/null\nif [ $? != 0 ] ; then\n    # print error to STDERR\n    echo \"error: The sandbox is not in sync with the Podfile.lock. Run 'pod install' or update your CocoaPods installation.\" >&2\n    exit 1\nfi\n# This output is used by Xcode 'outputs' to avoid re-running this script phase.\necho \"SUCCESS\" > \"${SCRIPT_OUTPUT_FILE_0}\"\n";
			showEnvVarsInLog = 0;
		};
		BF61C644F45A48C72F826395 /* [CP] Check Pods Manifest.lock */ = {
			isa = PBXShellScriptBuildPhase;
			buildActionMask = 2147483647;
			files = (
			);
			inputPaths = (
				"${PODS_PODFILE_DIR_PATH}/Podfile.lock",
				"${PODS_ROOT}/Manifest.lock",
			);
			name = "[CP] Check Pods Manifest.lock";
			outputPaths = (
				"$(DERIVED_FILE_DIR)/Pods-20190418-MohammadAlsharif-NYCSchoolsUITests-checkManifestLockResult.txt",
			);
			runOnlyForDeploymentPostprocessing = 0;
			shellPath = /bin/sh;
			shellScript = "diff \"${PODS_PODFILE_DIR_PATH}/Podfile.lock\" \"${PODS_ROOT}/Manifest.lock\" > /dev/null\nif [ $? != 0 ] ; then\n    # print error to STDERR\n    echo \"error: The sandbox is not in sync with the Podfile.lock. Run 'pod install' or update your CocoaPods installation.\" >&2\n    exit 1\nfi\n# This output is used by Xcode 'outputs' to avoid re-running this script phase.\necho \"SUCCESS\" > \"${SCRIPT_OUTPUT_FILE_0}\"\n";
			showEnvVarsInLog = 0;
		};
		C5A5C22812FAE0C430F9A68D /* [CP] Check Pods Manifest.lock */ = {
			isa = PBXShellScriptBuildPhase;
			buildActionMask = 2147483647;
			files = (
			);
			inputPaths = (
				"${PODS_PODFILE_DIR_PATH}/Podfile.lock",
				"${PODS_ROOT}/Manifest.lock",
			);
			name = "[CP] Check Pods Manifest.lock";
			outputPaths = (
				"$(DERIVED_FILE_DIR)/Pods-20190418-MohammadAlsharif-NYCSchools-checkManifestLockResult.txt",
			);
			runOnlyForDeploymentPostprocessing = 0;
			shellPath = /bin/sh;
			shellScript = "diff \"${PODS_PODFILE_DIR_PATH}/Podfile.lock\" \"${PODS_ROOT}/Manifest.lock\" > /dev/null\nif [ $? != 0 ] ; then\n    # print error to STDERR\n    echo \"error: The sandbox is not in sync with the Podfile.lock. Run 'pod install' or update your CocoaPods installation.\" >&2\n    exit 1\nfi\n# This output is used by Xcode 'outputs' to avoid re-running this script phase.\necho \"SUCCESS\" > \"${SCRIPT_OUTPUT_FILE_0}\"\n";
			showEnvVarsInLog = 0;
		};
		C70C6E3C42CC0E6F170918AC /* [CP] Embed Pods Frameworks */ = {
			isa = PBXShellScriptBuildPhase;
			buildActionMask = 2147483647;
			files = (
			);
			inputPaths = (
				"${SRCROOT}/Pods/Target Support Files/Pods-20190418-MohammadAlsharif-NYCSchools/Pods-20190418-MohammadAlsharif-NYCSchools-frameworks.sh",
				"${BUILT_PRODUCTS_DIR}/Alamofire/Alamofire.framework",
				"${BUILT_PRODUCTS_DIR}/MBProgressHUD/MBProgressHUD.framework",
				"${BUILT_PRODUCTS_DIR}/ReachabilitySwift/Reachability.framework",
			);
			name = "[CP] Embed Pods Frameworks";
			outputPaths = (
				"${TARGET_BUILD_DIR}/${FRAMEWORKS_FOLDER_PATH}/Alamofire.framework",
				"${TARGET_BUILD_DIR}/${FRAMEWORKS_FOLDER_PATH}/MBProgressHUD.framework",
				"${TARGET_BUILD_DIR}/${FRAMEWORKS_FOLDER_PATH}/Reachability.framework",
			);
			runOnlyForDeploymentPostprocessing = 0;
			shellPath = /bin/sh;
			shellScript = "\"${SRCROOT}/Pods/Target Support Files/Pods-20190418-MohammadAlsharif-NYCSchools/Pods-20190418-MohammadAlsharif-NYCSchools-frameworks.sh\"\n";
			showEnvVarsInLog = 0;
		};
/* End PBXShellScriptBuildPhase section */

/* Begin PBXSourcesBuildPhase section */
		461EE7162268F8C300D39479 /* Sources */ = {
			isa = PBXSourcesBuildPhase;
			buildActionMask = 2147483647;
			files = (
				461EE76D226925F900D39479 /* SATScoreParser.swift in Sources */,
				461EE75D2269085800D39479 /* SchoolListRequest.swift in Sources */,
				461EE75B2269082B00D39479 /* RequestBase.swift in Sources */,
				461EE762226908D900D39479 /* SchoolListParser.swift in Sources */,
				461EE7202268F8C300D39479 /* SchoolListViewController.swift in Sources */,
				461EE76422690B3600D39479 /* Response.swift in Sources */,
				461EE7502269044D00D39479 /* BaseViewController.swift in Sources */,
				461EE767226922F100D39479 /* SATScoresViewController.swift in Sources */,
				461EE7562269071100D39479 /* ServiceBase.swift in Sources */,
				461EE7582269073100D39479 /* NetworkManager.swift in Sources */,
				461EE71E2268F8C300D39479 /* AppDelegate.swift in Sources */,
				461EE760226908D200D39479 /* ParserBase.swift in Sources */,
				461EE754226906D700D39479 /* SchoolListService.swift in Sources */,
				461EE74D2269040A00D39479 /* ActivityManager.swift in Sources */,
				461EE769226923DB00D39479 /* SATScoreService.swift in Sources */,
				461EE76B2269247400D39479 /* SATScoreRequest.swift in Sources */,
			);
			runOnlyForDeploymentPostprocessing = 0;
		};
		461EE72A2268F8C400D39479 /* Sources */ = {
			isa = PBXSourcesBuildPhase;
			buildActionMask = 2147483647;
			files = (
				461EE7332268F8C400D39479 /* _0190418_MohammadAlsharif_NYCSchoolsTests.swift in Sources */,
			);
			runOnlyForDeploymentPostprocessing = 0;
		};
		461EE7352268F8C400D39479 /* Sources */ = {
			isa = PBXSourcesBuildPhase;
			buildActionMask = 2147483647;
			files = (
				461EE73E2268F8C400D39479 /* _0190418_MohammadAlsharif_NYCSchoolsUITests.swift in Sources */,
			);
			runOnlyForDeploymentPostprocessing = 0;
		};
/* End PBXSourcesBuildPhase section */

/* Begin PBXTargetDependency section */
		461EE7302268F8C400D39479 /* PBXTargetDependency */ = {
			isa = PBXTargetDependency;
			target = 461EE7192268F8C300D39479 /* 20190418-MohammadAlsharif-NYCSchools */;
			targetProxy = 461EE72F2268F8C400D39479 /* PBXContainerItemProxy */;
		};
		461EE73B2268F8C400D39479 /* PBXTargetDependency */ = {
			isa = PBXTargetDependency;
			target = 461EE7192268F8C300D39479 /* 20190418-MohammadAlsharif-NYCSchools */;
			targetProxy = 461EE73A2268F8C400D39479 /* PBXContainerItemProxy */;
		};
/* End PBXTargetDependency section */

/* Begin PBXVariantGroup section */
		461EE7212268F8C300D39479 /* Main.storyboard */ = {
			isa = PBXVariantGroup;
			children = (
				461EE7222268F8C300D39479 /* Base */,
			);
			name = Main.storyboard;
			sourceTree = "<group>";
		};
		461EE7262268F8C400D39479 /* LaunchScreen.storyboard */ = {
			isa = PBXVariantGroup;
			children = (
				461EE7272268F8C400D39479 /* Base */,
			);
			name = LaunchScreen.storyboard;
			sourceTree = "<group>";
		};
/* End PBXVariantGroup section */

/* Begin XCBuildConfiguration section */
		461EE7402268F8C400D39479 /* Debug */ = {
			isa = XCBuildConfiguration;
			buildSettings = {
				ALWAYS_SEARCH_USER_PATHS = NO;
				CLANG_ANALYZER_NONNULL = YES;
				CLANG_ANALYZER_NUMBER_OBJECT_CONVERSION = YES_AGGRESSIVE;
				CLANG_CXX_LANGUAGE_STANDARD = "gnu++14";
				CLANG_CXX_LIBRARY = "libc++";
				CLANG_ENABLE_MODULES = YES;
				CLANG_ENABLE_OBJC_ARC = YES;
				CLANG_ENABLE_OBJC_WEAK = YES;
				CLANG_WARN_BLOCK_CAPTURE_AUTORELEASING = YES;
				CLANG_WARN_BOOL_CONVERSION = YES;
				CLANG_WARN_COMMA = YES;
				CLANG_WARN_CONSTANT_CONVERSION = YES;
				CLANG_WARN_DEPRECATED_OBJC_IMPLEMENTATIONS = YES;
				CLANG_WARN_DIRECT_OBJC_ISA_USAGE = YES_ERROR;
				CLANG_WARN_DOCUMENTATION_COMMENTS = YES;
				CLANG_WARN_EMPTY_BODY = YES;
				CLANG_WARN_ENUM_CONVERSION = YES;
				CLANG_WARN_INFINITE_RECURSION = YES;
				CLANG_WARN_INT_CONVERSION = YES;
				CLANG_WARN_NON_LITERAL_NULL_CONVERSION = YES;
				CLANG_WARN_OBJC_IMPLICIT_RETAIN_SELF = YES;
				CLANG_WARN_OBJC_LITERAL_CONVERSION = YES;
				CLANG_WARN_OBJC_ROOT_CLASS = YES_ERROR;
				CLANG_WARN_RANGE_LOOP_ANALYSIS = YES;
				CLANG_WARN_STRICT_PROTOTYPES = YES;
				CLANG_WARN_SUSPICIOUS_MOVE = YES;
				CLANG_WARN_UNGUARDED_AVAILABILITY = YES_AGGRESSIVE;
				CLANG_WARN_UNREACHABLE_CODE = YES;
				CLANG_WARN__DUPLICATE_METHOD_MATCH = YES;
				CODE_SIGN_IDENTITY = "iPhone Developer";
				COPY_PHASE_STRIP = NO;
				DEBUG_INFORMATION_FORMAT = dwarf;
				ENABLE_STRICT_OBJC_MSGSEND = YES;
				ENABLE_TESTABILITY = YES;
				GCC_C_LANGUAGE_STANDARD = gnu11;
				GCC_DYNAMIC_NO_PIC = NO;
				GCC_NO_COMMON_BLOCKS = YES;
				GCC_OPTIMIZATION_LEVEL = 0;
				GCC_PREPROCESSOR_DEFINITIONS = (
					"DEBUG=1",
					"$(inherited)",
				);
				GCC_WARN_64_TO_32_BIT_CONVERSION = YES;
				GCC_WARN_ABOUT_RETURN_TYPE = YES_ERROR;
				GCC_WARN_UNDECLARED_SELECTOR = YES;
				GCC_WARN_UNINITIALIZED_AUTOS = YES_AGGRESSIVE;
				GCC_WARN_UNUSED_FUNCTION = YES;
				GCC_WARN_UNUSED_VARIABLE = YES;
				IPHONEOS_DEPLOYMENT_TARGET = 12.1;
				MTL_ENABLE_DEBUG_INFO = INCLUDE_SOURCE;
				MTL_FAST_MATH = YES;
				ONLY_ACTIVE_ARCH = YES;
				SDKROOT = iphoneos;
				SWIFT_ACTIVE_COMPILATION_CONDITIONS = DEBUG;
				SWIFT_OPTIMIZATION_LEVEL = "-Onone";
			};
			name = Debug;
		};
		461EE7412268F8C400D39479 /* Release */ = {
			isa = XCBuildConfiguration;
			buildSettings = {
				ALWAYS_SEARCH_USER_PATHS = NO;
				CLANG_ANALYZER_NONNULL = YES;
				CLANG_ANALYZER_NUMBER_OBJECT_CONVERSION = YES_AGGRESSIVE;
				CLANG_CXX_LANGUAGE_STANDARD = "gnu++14";
				CLANG_CXX_LIBRARY = "libc++";
				CLANG_ENABLE_MODULES = YES;
				CLANG_ENABLE_OBJC_ARC = YES;
				CLANG_ENABLE_OBJC_WEAK = YES;
				CLANG_WARN_BLOCK_CAPTURE_AUTORELEASING = YES;
				CLANG_WARN_BOOL_CONVERSION = YES;
				CLANG_WARN_COMMA = YES;
				CLANG_WARN_CONSTANT_CONVERSION = YES;
				CLANG_WARN_DEPRECATED_OBJC_IMPLEMENTATIONS = YES;
				CLANG_WARN_DIRECT_OBJC_ISA_USAGE = YES_ERROR;
				CLANG_WARN_DOCUMENTATION_COMMENTS = YES;
				CLANG_WARN_EMPTY_BODY = YES;
				CLANG_WARN_ENUM_CONVERSION = YES;
				CLANG_WARN_INFINITE_RECURSION = YES;
				CLANG_WARN_INT_CONVERSION = YES;
				CLANG_WARN_NON_LITERAL_NULL_CONVERSION = YES;
				CLANG_WARN_OBJC_IMPLICIT_RETAIN_SELF = YES;
				CLANG_WARN_OBJC_LITERAL_CONVERSION = YES;
				CLANG_WARN_OBJC_ROOT_CLASS = YES_ERROR;
				CLANG_WARN_RANGE_LOOP_ANALYSIS = YES;
				CLANG_WARN_STRICT_PROTOTYPES = YES;
				CLANG_WARN_SUSPICIOUS_MOVE = YES;
				CLANG_WARN_UNGUARDED_AVAILABILITY = YES_AGGRESSIVE;
				CLANG_WARN_UNREACHABLE_CODE = YES;
				CLANG_WARN__DUPLICATE_METHOD_MATCH = YES;
				CODE_SIGN_IDENTITY = "iPhone Developer";
				COPY_PHASE_STRIP = NO;
				DEBUG_INFORMATION_FORMAT = "dwarf-with-dsym";
				ENABLE_NS_ASSERTIONS = NO;
				ENABLE_STRICT_OBJC_MSGSEND = YES;
				GCC_C_LANGUAGE_STANDARD = gnu11;
				GCC_NO_COMMON_BLOCKS = YES;
				GCC_WARN_64_TO_32_BIT_CONVERSION = YES;
				GCC_WARN_ABOUT_RETURN_TYPE = YES_ERROR;
				GCC_WARN_UNDECLARED_SELECTOR = YES;
				GCC_WARN_UNINITIALIZED_AUTOS = YES_AGGRESSIVE;
				GCC_WARN_UNUSED_FUNCTION = YES;
				GCC_WARN_UNUSED_VARIABLE = YES;
				IPHONEOS_DEPLOYMENT_TARGET = 12.1;
				MTL_ENABLE_DEBUG_INFO = NO;
				MTL_FAST_MATH = YES;
				SDKROOT = iphoneos;
				SWIFT_COMPILATION_MODE = wholemodule;
				SWIFT_OPTIMIZATION_LEVEL = "-O";
				VALIDATE_PRODUCT = YES;
			};
			name = Release;
		};
		461EE7432268F8C400D39479 /* Debug */ = {
			isa = XCBuildConfiguration;
			baseConfigurationReference = 4EBA0836976DAFD370A4CB68 /* Pods-20190418-MohammadAlsharif-NYCSchools.debug.xcconfig */;
			buildSettings = {
				ASSETCATALOG_COMPILER_APPICON_NAME = AppIcon;
				CODE_SIGN_STYLE = Manual;
				DEVELOPMENT_TEAM = "";
				INFOPLIST_FILE = "20190418-MohammadAlsharif-NYCSchools/Info.plist";
				LD_RUNPATH_SEARCH_PATHS = (
					"$(inherited)",
					"@executable_path/Frameworks",
				);
				PRODUCT_BUNDLE_IDENTIFIER = "com.mohammad.-0190418-MohammadAlsharif-NYCSchools";
				PRODUCT_NAME = "$(TARGET_NAME)";
				PROVISIONING_PROFILE_SPECIFIER = "";
				SWIFT_VERSION = 4.2;
				TARGETED_DEVICE_FAMILY = "1,2";
			};
			name = Debug;
		};
		461EE7442268F8C400D39479 /* Release */ = {
			isa = XCBuildConfiguration;
			baseConfigurationReference = A1E4A06456C84677C3A54054 /* Pods-20190418-MohammadAlsharif-NYCSchools.release.xcconfig */;
			buildSettings = {
				ASSETCATALOG_COMPILER_APPICON_NAME = AppIcon;
				CODE_SIGN_STYLE = Manual;
				DEVELOPMENT_TEAM = "";
				INFOPLIST_FILE = "20190418-MohammadAlsharif-NYCSchools/Info.plist";
				LD_RUNPATH_SEARCH_PATHS = (
					"$(inherited)",
					"@executable_path/Frameworks",
				);
				PRODUCT_BUNDLE_IDENTIFIER = "com.mohammad.-0190418-MohammadAlsharif-NYCSchools";
				PRODUCT_NAME = "$(TARGET_NAME)";
				PROVISIONING_PROFILE_SPECIFIER = "";
				SWIFT_VERSION = 4.2;
				TARGETED_DEVICE_FAMILY = "1,2";
			};
			name = Release;
		};
		461EE7462268F8C400D39479 /* Debug */ = {
			isa = XCBuildConfiguration;
			baseConfigurationReference = B09260E40BFB06A69C09198A /* Pods-20190418-MohammadAlsharif-NYCSchoolsTests.debug.xcconfig */;
			buildSettings = {
				ALWAYS_EMBED_SWIFT_STANDARD_LIBRARIES = YES;
				BUNDLE_LOADER = "$(TEST_HOST)";
				CODE_SIGN_STYLE = Automatic;
				INFOPLIST_FILE = "20190418-MohammadAlsharif-NYCSchoolsTests/Info.plist";
				LD_RUNPATH_SEARCH_PATHS = (
					"$(inherited)",
					"@executable_path/Frameworks",
					"@loader_path/Frameworks",
				);
				PRODUCT_BUNDLE_IDENTIFIER = "com.mohammad.-0190418-MohammadAlsharif-NYCSchoolsTests";
				PRODUCT_NAME = "$(TARGET_NAME)";
				SWIFT_VERSION = 4.2;
				TARGETED_DEVICE_FAMILY = "1,2";
				TEST_HOST = "$(BUILT_PRODUCTS_DIR)/20190418-MohammadAlsharif-NYCSchools.app/20190418-MohammadAlsharif-NYCSchools";
			};
			name = Debug;
		};
		461EE7472268F8C400D39479 /* Release */ = {
			isa = XCBuildConfiguration;
			baseConfigurationReference = 06B3A7230ED5D1F81A6C2443 /* Pods-20190418-MohammadAlsharif-NYCSchoolsTests.release.xcconfig */;
			buildSettings = {
				ALWAYS_EMBED_SWIFT_STANDARD_LIBRARIES = YES;
				BUNDLE_LOADER = "$(TEST_HOST)";
				CODE_SIGN_STYLE = Automatic;
				INFOPLIST_FILE = "20190418-MohammadAlsharif-NYCSchoolsTests/Info.plist";
				LD_RUNPATH_SEARCH_PATHS = (
					"$(inherited)",
					"@executable_path/Frameworks",
					"@loader_path/Frameworks",
				);
				PRODUCT_BUNDLE_IDENTIFIER = "com.mohammad.-0190418-MohammadAlsharif-NYCSchoolsTests";
				PRODUCT_NAME = "$(TARGET_NAME)";
				SWIFT_VERSION = 4.2;
				TARGETED_DEVICE_FAMILY = "1,2";
				TEST_HOST = "$(BUILT_PRODUCTS_DIR)/20190418-MohammadAlsharif-NYCSchools.app/20190418-MohammadAlsharif-NYCSchools";
			};
			name = Release;
		};
		461EE7492268F8C400D39479 /* Debug */ = {
			isa = XCBuildConfiguration;
			baseConfigurationReference = C3569AC767BA4DA7293B40B2 /* Pods-20190418-MohammadAlsharif-NYCSchoolsUITests.debug.xcconfig */;
			buildSettings = {
				ALWAYS_EMBED_SWIFT_STANDARD_LIBRARIES = YES;
				CODE_SIGN_STYLE = Automatic;
				INFOPLIST_FILE = "20190418-MohammadAlsharif-NYCSchoolsUITests/Info.plist";
				LD_RUNPATH_SEARCH_PATHS = (
					"$(inherited)",
					"@executable_path/Frameworks",
					"@loader_path/Frameworks",
				);
				PRODUCT_BUNDLE_IDENTIFIER = "com.mohammad.-0190418-MohammadAlsharif-NYCSchoolsUITests";
				PRODUCT_NAME = "$(TARGET_NAME)";
				SWIFT_VERSION = 4.2;
				TARGETED_DEVICE_FAMILY = "1,2";
				TEST_TARGET_NAME = "20190418-MohammadAlsharif-NYCSchools";
			};
			name = Debug;
		};
		461EE74A2268F8C400D39479 /* Release */ = {
			isa = XCBuildConfiguration;
			baseConfigurationReference = D13C9A5AB87E335C2B506763 /* Pods-20190418-MohammadAlsharif-NYCSchoolsUITests.release.xcconfig */;
			buildSettings = {
				ALWAYS_EMBED_SWIFT_STANDARD_LIBRARIES = YES;
				CODE_SIGN_STYLE = Automatic;
				INFOPLIST_FILE = "20190418-MohammadAlsharif-NYCSchoolsUITests/Info.plist";
				LD_RUNPATH_SEARCH_PATHS = (
					"$(inherited)",
					"@executable_path/Frameworks",
					"@loader_path/Frameworks",
				);
				PRODUCT_BUNDLE_IDENTIFIER = "com.mohammad.-0190418-MohammadAlsharif-NYCSchoolsUITests";
				PRODUCT_NAME = "$(TARGET_NAME)";
				SWIFT_VERSION = 4.2;
				TARGETED_DEVICE_FAMILY = "1,2";
				TEST_TARGET_NAME = "20190418-MohammadAlsharif-NYCSchools";
			};
			name = Release;
		};
/* End XCBuildConfiguration section */

/* Begin XCConfigurationList section */
		461EE7152268F8C300D39479 /* Build configuration list for PBXProject "20190418-MohammadAlsharif-NYCSchools" */ = {
			isa = XCConfigurationList;
			buildConfigurations = (
				461EE7402268F8C400D39479 /* Debug */,
				461EE7412268F8C400D39479 /* Release */,
			);
			defaultConfigurationIsVisible = 0;
			defaultConfigurationName = Release;
		};
		461EE7422268F8C400D39479 /* Build configuration list for PBXNativeTarget "20190418-MohammadAlsharif-NYCSchools" */ = {
			isa = XCConfigurationList;
			buildConfigurations = (
				461EE7432268F8C400D39479 /* Debug */,
				461EE7442268F8C400D39479 /* Release */,
			);
			defaultConfigurationIsVisible = 0;
			defaultConfigurationName = Release;
		};
		461EE7452268F8C400D39479 /* Build configuration list for PBXNativeTarget "20190418-MohammadAlsharif-NYCSchoolsTests" */ = {
			isa = XCConfigurationList;
			buildConfigurations = (
				461EE7462268F8C400D39479 /* Debug */,
				461EE7472268F8C400D39479 /* Release */,
			);
			defaultConfigurationIsVisible = 0;
			defaultConfigurationName = Release;
		};
		461EE7482268F8C400D39479 /* Build configuration list for PBXNativeTarget "20190418-MohammadAlsharif-NYCSchoolsUITests" */ = {
			isa = XCConfigurationList;
			buildConfigurations = (
				461EE7492268F8C400D39479 /* Debug */,
				461EE74A2268F8C400D39479 /* Release */,
			);
			defaultConfigurationIsVisible = 0;
			defaultConfigurationName = Release;
		};
/* End XCConfigurationList section */
	};
	rootObject = 461EE7122268F8C300D39479 /* Project object */;
}
